
Microsoft Visual Studio Solution File, Format Version 12.00
# Visual Studio Version 17
VisualStudioVersion = 17.14.36429.23
MinimumVisualStudioVersion = 10.0.40219.1
Project("{FAE04EC0-301F-11D3-BF4B-00C04F79EFBC}") = "SkyTakeOut.Admin", "SkyTakeOut.Admin\SkyTakeOut.Admin.csproj", "{95E2657E-A943-46F4-BFCE-2A9AC13F2B7B}"
EndProject
Project("{FAE04EC0-301F-11D3-BF4B-00C04F79EFBC}") = "SkyTakeOut.Common", "SkyTakeOut.Common\SkyTakeOut.Common.csproj", "{ABB43949-52B7-4E18-ABA4-56A89AEFE29D}"
EndProject
Project("{FAE04EC0-301F-11D3-BF4B-00C04F79EFBC}") = "SkyTakeOut.Core", "SkyTakeOut.Core\SkyTakeOut.Core.csproj", "{1E70770C-F96D-4C58-88E2-111E3F612C80}"
EndProject
Project("{FAE04EC0-301F-11D3-BF4B-00C04F79EFBC}") = "SkyTakeOut.Models", "SkyTakeOut.Models\SkyTakeOut.Models.csproj", "{8314E269-2378-4912-9C87-F2F89F295DA9}"
EndProject
Project("{FAE04EC0-301F-11D3-BF4B-00C04F79EFBC}") = "SkyTakeOut.EntityFrameworkCore", "SkyTakeOut.EntityFrameworkCore\SkyTakeOut.EntityFrameworkCore.csproj", "{EBFAD98C-7DE3-49DD-876E-8AF3B0B9C6F6}"
EndProject
Project("{FAE04EC0-301F-11D3-BF4B-00C04F79EFBC}") = "SkyTakeOut.IRepository", "SkyTakeOut.IRepository\SkyTakeOut.IRepository.csproj", "{83256CF5-9685-4FA7-91E5-A46059579ABE}"
EndProject
Project("{FAE04EC0-301F-11D3-BF4B-00C04F79EFBC}") = "SkyTakeOut.Repository", "SkyTakeOut.Repository\SkyTakeOut.Repository.csproj", "{463E81A7-77D4-4B66-BE1E-71A7D0B4E196}"
EndProject
Project("{FAE04EC0-301F-11D3-BF4B-00C04F79EFBC}") = "SkyTakeOut.IServices", "SkyTakeOut.IServices\SkyTakeOut.IServices.csproj", "{CA6C7338-71FF-49AC-94B0-AD502170B790}"
EndProject
Project("{FAE04EC0-301F-11D3-BF4B-00C04F79EFBC}") = "SkyTakeOut.Services", "SkyTakeOut.Services\SkyTakeOut.Services.csproj", "{F895A1F9-7B1D-4AEA-912A-13E615D0AE62}"
EndProject
Project("{FAE04EC0-301F-11D3-BF4B-00C04F79EFBC}") = "SkyTakeOut.User", "SkyTakeOut.User\SkyTakeOut.User.csproj", "{7FA8202A-7969-4AAC-B6F3-A3846883B6E0}"
EndProject
Global
	GlobalSection(SolutionConfigurationPlatforms) = preSolution
		Debug|Any CPU = Debug|Any CPU
		Release|Any CPU = Release|Any CPU
	EndGlobalSection
	GlobalSection(ProjectConfigurationPlatforms) = postSolution
		{95E2657E-A943-46F4-BFCE-2A9AC13F2B7B}.Debug|Any CPU.ActiveCfg = Debug|Any CPU
		{95E2657E-A943-46F4-BFCE-2A9AC13F2B7B}.Debug|Any CPU.Build.0 = Debug|Any CPU
		{95E2657E-A943-46F4-BFCE-2A9AC13F2B7B}.Release|Any CPU.ActiveCfg = Release|Any CPU
		{95E2657E-A943-46F4-BFCE-2A9AC13F2B7B}.Release|Any CPU.Build.0 = Release|Any CPU
		{ABB43949-52B7-4E18-ABA4-56A89AEFE29D}.Debug|Any CPU.ActiveCfg = Debug|Any CPU
		{ABB43949-52B7-4E18-ABA4-56A89AEFE29D}.Debug|Any CPU.Build.0 = Debug|Any CPU
		{ABB43949-52B7-4E18-ABA4-56A89AEFE29D}.Release|Any CPU.ActiveCfg = Release|Any CPU
		{ABB43949-52B7-4E18-ABA4-56A89AEFE29D}.Release|Any CPU.Build.0 = Release|Any CPU
		{1E70770C-F96D-4C58-88E2-111E3F612C80}.Debug|Any CPU.ActiveCfg = Debug|Any CPU
		{1E70770C-F96D-4C58-88E2-111E3F612C80}.Debug|Any CPU.Build.0 = Debug|Any CPU
		{1E70770C-F96D-4C58-88E2-111E3F612C80}.Release|Any CPU.ActiveCfg = Release|Any CPU
		{1E70770C-F96D-4C58-88E2-111E3F612C80}.Release|Any CPU.Build.0 = Release|Any CPU
		{8314E269-2378-4912-9C87-F2F89F295DA9}.Debug|Any CPU.ActiveCfg = Debug|Any CPU
		{8314E269-2378-4912-9C87-F2F89F295DA9}.Debug|Any CPU.Build.0 = Debug|Any CPU
		{8314E269-2378-4912-9C87-F2F89F295DA9}.Release|Any CPU.ActiveCfg = Release|Any CPU
		{8314E269-2378-4912-9C87-F2F89F295DA9}.Release|Any CPU.Build.0 = Release|Any CPU
		{EBFAD98C-7DE3-49DD-876E-8AF3B0B9C6F6}.Debug|Any CPU.ActiveCfg = Debug|Any CPU
		{EBFAD98C-7DE3-49DD-876E-8AF3B0B9C6F6}.Debug|Any CPU.Build.0 = Debug|Any CPU
		{EBFAD98C-7DE3-49DD-876E-8AF3B0B9C6F6}.Release|Any CPU.ActiveCfg = Release|Any CPU
		{EBFAD98C-7DE3-49DD-876E-8AF3B0B9C6F6}.Release|Any CPU.Build.0 = Release|Any CPU
		{83256CF5-9685-4FA7-91E5-A46059579ABE}.Debug|Any CPU.ActiveCfg = Debug|Any CPU
		{83256CF5-9685-4FA7-91E5-A46059579ABE}.Debug|Any CPU.Build.0 = Debug|Any CPU
		{83256CF5-9685-4FA7-91E5-A46059579ABE}.Release|Any CPU.ActiveCfg = Release|Any CPU
		{83256CF5-9685-4FA7-91E5-A46059579ABE}.Release|Any CPU.Build.0 = Release|Any CPU
		{463E81A7-77D4-4B66-BE1E-71A7D0B4E196}.Debug|Any CPU.ActiveCfg = Debug|Any CPU
		{463E81A7-77D4-4B66-BE1E-71A7D0B4E196}.Debug|Any CPU.Build.0 = Debug|Any CPU
		{463E81A7-77D4-4B66-BE1E-71A7D0B4E196}.Release|Any CPU.ActiveCfg = Release|Any CPU
		{463E81A7-77D4-4B66-BE1E-71A7D0B4E196}.Release|Any CPU.Build.0 = Release|Any CPU
		{CA6C7338-71FF-49AC-94B0-AD502170B790}.Debug|Any CPU.ActiveCfg = Debug|Any CPU
		{CA6C7338-71FF-49AC-94B0-AD502170B790}.Debug|Any CPU.Build.0 = Debug|Any CPU
		{CA6C7338-71FF-49AC-94B0-AD502170B790}.Release|Any CPU.ActiveCfg = Release|Any CPU
		{CA6C7338-71FF-49AC-94B0-AD502170B790}.Release|Any CPU.Build.0 = Release|Any CPU
		{F895A1F9-7B1D-4AEA-912A-13E615D0AE62}.Debug|Any CPU.ActiveCfg = Debug|Any CPU
		{F895A1F9-7B1D-4AEA-912A-13E615D0AE62}.Debug|Any CPU.Build.0 = Debug|Any CPU
		{F895A1F9-7B1D-4AEA-912A-13E615D0AE62}.Release|Any CPU.ActiveCfg = Release|Any CPU
		{F895A1F9-7B1D-4AEA-912A-13E615D0AE62}.Release|Any CPU.Build.0 = Release|Any CPU
		{7FA8202A-7969-4AAC-B6F3-A3846883B6E0}.Debug|Any CPU.ActiveCfg = Debug|Any CPU
		{7FA8202A-7969-4AAC-B6F3-A3846883B6E0}.Debug|Any CPU.Build.0 = Debug|Any CPU
		{7FA8202A-7969-4AAC-B6F3-A3846883B6E0}.Release|Any CPU.ActiveCfg = Release|Any CPU
		{7FA8202A-7969-4AAC-B6F3-A3846883B6E0}.Release|Any CPU.Build.0 = Release|Any CPU
	EndGlobalSection
	GlobalSection(SolutionProperties) = preSolution
		HideSolutionNode = FALSE
	EndGlobalSection
	GlobalSection(ExtensibilityGlobals) = postSolution
		SolutionGuid = {608B0B2D-1123-48CA-B880-59BF25A197E8}
	EndGlobalSection
EndGlobal
